
Microsoft Visual Studio Solution File, Format Version 12.00
# Visual Studio Version 17
VisualStudioVersion = 17.12.35707.178
MinimumVisualStudioVersion = 10.0.40219.1
Project("{FAE04EC0-301F-11D3-BF4B-00C04F79EFBC}") = "Example", "Example\Example.csproj", "{D9CB0FCE-E06F-4A7E-9352-ABBF06D0C893}"
EndProject
Global
	GlobalSection(SolutionConfigurationPlatforms) = preSolution
		Debug|Any CPU = Debug|Any CPU
		Release|Any CPU = Release|Any CPU
	EndGlobalSection
	GlobalSection(ProjectConfigurationPlatforms) = postSolution
		{D9CB0FCE-E06F-4A7E-9352-ABBF06D0C893}.Debug|Any CPU.ActiveCfg = Debug|Any CPU
		{D9CB0FCE-E06F-4A7E-9352-ABBF06D0C893}.Debug|Any CPU.Build.0 = Debug|Any CPU
		{D9CB0FCE-E06F-4A7E-9352-ABBF06D0C893}.Release|Any CPU.ActiveCfg = Release|Any CPU
		{D9CB0FCE-E06F-4A7E-9352-ABBF06D0C893}.Release|Any CPU.Build.0 = Release|Any CPU
	EndGlobalSection
	GlobalSection(SolutionProperties) = preSolution
		HideSolutionNode = FALSE
	EndGlobalSection
	GlobalSection(ExtensibilityGlobals) = postSolution
		SolutionGuid = {F07A2945-B2D1-4609-B4D7-620DE9EFD577}
	EndGlobalSection
EndGlobal
